{
  "name": "freeway",
  "version": "1.0.0",
  "lockfileVersion": 2,
  "requires": true,
  "packages": {
    "": {
      "name": "freeway",
      "version": "1.0.0",
      "license": "ISC",
      "dependencies": {
        "golive": "^1.0.0",
        "p5": "^1.5.0"
      }
    },
    "babel/preset-env@babel/registerall-contributors-clibabel-plugin-i18next-extractbabel-plugin-istanbulbabelifybrfs-babelbrowserifychaiconnect-modrewritecore-jsderequirees6-promiseeslintfetch-jsonpfile-savergifencgruntgrunt-cligrunt-contrib-cleangrunt-contrib-compressgrunt-contrib-connectgrunt-contrib-copygrunt-contrib-uglifygrunt-contrib-watchgrunt-contrib-yuidocgrunt-eslintgrunt-minjsongrunt-mocha-testgrunt-newergrunt-simple-nychtml-entitieshuskyi18nexti18next-browser-languagedetectorlibtesslint-stagedmarkedmochanpomggifopenopentype.jspretty-fastpromise-map-seriespuppeteerregenerator-runtimesimple-gitwhatwg-fetch": {
      "extraneous": true
    },
    "node_modules/golive": {
      "version": "1.0.0",
      "resolved": "https://registry.npmjs.org/golive/-/golive-1.0.0.tgz",
      "integrity": "sha512-+xHunI2aGkBC1hLhF6rgvve3JAGnS5X9TkXe6C7S9mdVk5CDZroRkNp6cb+p6r9AO5C+As3wqHxtJhS2n1h6QQ=="
    },
    "node_modules/p5": {
      "version": "1.5.0",
      "resolved": "https://registry.npmjs.org/p5/-/p5-1.5.0.tgz",
      "integrity": "sha512-zZFMVUmGkXe2G5H6Sw7xsVhgdxMyEN/6SZnZqYdQ51513kTqPslLnukkwTbGf8YtW0RetTU0FTjYQMXnFD7KnQ=="
    }
  },
  "dependencies": {
    "golive": {
      "version": "1.0.0",
      "resolved": "https://registry.npmjs.org/golive/-/golive-1.0.0.tgz",
      "integrity": "sha512-+xHunI2aGkBC1hLhF6rgvve3JAGnS5X9TkXe6C7S9mdVk5CDZroRkNp6cb+p6r9AO5C+As3wqHxtJhS2n1h6QQ=="
    },
    "p5": {
      "version": "1.5.0",
      "resolved": "https://registry.npmjs.org/p5/-/p5-1.5.0.tgz",
      "integrity": "sha512-zZFMVUmGkXe2G5H6Sw7xsVhgdxMyEN/6SZnZqYdQ51513kTqPslLnukkwTbGf8YtW0RetTU0FTjYQMXnFD7KnQ=="
    }
  }
}
